
Microsoft Visual Studio Solution File, Format Version 12.00
# Visual Studio Version 16
VisualStudioVersion = 16.0.31729.503
MinimumVisualStudioVersion = 10.0.40219.1
Project("{FAE04EC0-301F-11D3-BF4B-00C04F79EFBC}") = "PruebaTIC", "PruebaTIC\PruebaTIC.csproj", "{B0DE0DDB-58E0-469F-932E-282BB4FBDD19}"
EndProject
Global
	GlobalSection(SolutionConfigurationPlatforms) = preSolution
		Debug|Any CPU = Debug|Any CPU
		Release|Any CPU = Release|Any CPU
	EndGlobalSection
	GlobalSection(ProjectConfigurationPlatforms) = postSolution
		{B0DE0DDB-58E0-469F-932E-282BB4FBDD19}.Debug|Any CPU.ActiveCfg = Debug|Any CPU
		{B0DE0DDB-58E0-469F-932E-282BB4FBDD19}.Debug|Any CPU.Build.0 = Debug|Any CPU
		{B0DE0DDB-58E0-469F-932E-282BB4FBDD19}.Release|Any CPU.ActiveCfg = Release|Any CPU
		{B0DE0DDB-58E0-469F-932E-282BB4FBDD19}.Release|Any CPU.Build.0 = Release|Any CPU
	EndGlobalSection
	GlobalSection(SolutionProperties) = preSolution
		HideSolutionNode = FALSE
	EndGlobalSection
	GlobalSection(ExtensibilityGlobals) = postSolution
		SolutionGuid = {0EB3C441-D3EF-48C8-82B2-98C15902FA51}
	EndGlobalSection
EndGlobal
